// !$*UTF8*$!
{
	archiveVersion = 1;
	classes = {
	};
	objectVersion = 46;
	objects = {

/* Begin PBXBuildFile section */
		4447A0AB1D61A48000245CD5 /* Dashboard.gif in Resources */ = {isa = PBXBuildFile; fileRef = 4447A0AA1D61A48000245CD5 /* Dashboard.gif */; };
		445F241E1D5D7C540005F456 /* main.m in Sources */ = {isa = PBXBuildFile; fileRef = 445F241D1D5D7C540005F456 /* main.m */; };
		445F24211D5D7C540005F456 /* AppDelegate.m in Sources */ = {isa = PBXBuildFile; fileRef = 445F24201D5D7C540005F456 /* AppDelegate.m */; };
		445F24241D5D7C540005F456 /* ViewController.m in Sources */ = {isa = PBXBuildFile; fileRef = 445F24231D5D7C540005F456 /* ViewController.m */; };
		445F24271D5D7C540005F456 /* Main.storyboard in Resources */ = {isa = PBXBuildFile; fileRef = 445F24251D5D7C540005F456 /* Main.storyboard */; };
		445F24291D5D7C540005F456 /* Assets.xcassets in Resources */ = {isa = PBXBuildFile; fileRef = 445F24281D5D7C540005F456 /* Assets.xcassets */; };
		445F242C1D5D7C540005F456 /* LaunchScreen.storyboard in Resources */ = {isa = PBXBuildFile; fileRef = 445F242A1D5D7C540005F456 /* LaunchScreen.storyboard */; };
		445F24371D5D7C540005F456 /* YZDashboardTests.m in Sources */ = {isa = PBXBuildFile; fileRef = 445F24361D5D7C540005F456 /* YZDashboardTests.m */; };
		445F24421D5D7C540005F456 /* YZDashboardUITests.m in Sources */ = {isa = PBXBuildFile; fileRef = 445F24411D5D7C540005F456 /* YZDashboardUITests.m */; };
		445F24521D5D7CB80005F456 /* DashboardView.m in Sources */ = {isa = PBXBuildFile; fileRef = 445F24511D5D7CB80005F456 /* DashboardView.m */; };
		445F24561D5D7E400005F456 /* UIView+Extensions.m in Sources */ = {isa = PBXBuildFile; fileRef = 445F24551D5D7E400005F456 /* UIView+Extensions.m */; };
		445F24581D5D9F920005F456 /* backgroundImage@2x.png in Resources */ = {isa = PBXBuildFile; fileRef = 445F24571D5D9F920005F456 /* backgroundImage@2x.png */; };
		445F245B1D5DBC9E0005F456 /* GradientView.m in Sources */ = {isa = PBXBuildFile; fileRef = 445F245A1D5DBC9E0005F456 /* GradientView.m */; };
		445F245E1D5DBF6D0005F456 /* UIColor+Extensions.m in Sources */ = {isa = PBXBuildFile; fileRef = 445F245D1D5DBF6D0005F456 /* UIColor+Extensions.m */; };
/* End PBXBuildFile section */

/* Begin PBXContainerItemProxy section */
		445F24331D5D7C540005F456 /* PBXContainerItemProxy */ = {
			isa = PBXContainerItemProxy;
			containerPortal = 445F24111D5D7C540005F456 /* Project object */;
			proxyType = 1;
			remoteGlobalIDString = 445F24181D5D7C540005F456;
			remoteInfo = YZDashboard;
		};
		445F243E1D5D7C540005F456 /* PBXContainerItemProxy */ = {
			isa = PBXContainerItemProxy;
			containerPortal = 445F24111D5D7C540005F456 /* Project object */;
			proxyType = 1;
			remoteGlobalIDString = 445F24181D5D7C540005F456;
			remoteInfo = YZDashboard;
		};
/* End PBXContainerItemProxy section */

/* Begin PBXFileReference section */
		4447A0AA1D61A48000245CD5 /* Dashboard.gif */ = {isa = PBXFileReference; lastKnownFileType = image.gif; path = Dashboard.gif; sourceTree = "<group>"; };
		445F24191D5D7C540005F456 /* YZDashboard.app */ = {isa = PBXFileReference; explicitFileType = wrapper.application; includeInIndex = 0; path = YZDashboard.app; sourceTree = BUILT_PRODUCTS_DIR; };
		445F241D1D5D7C540005F456 /* main.m */ = {isa = PBXFileReference; lastKnownFileType = sourcecode.c.objc; path = main.m; sourceTree = "<group>"; };
		445F241F1D5D7C540005F456 /* AppDelegate.h */ = {isa = PBXFileReference; lastKnownFileType = sourcecode.c.h; path = AppDelegate.h; sourceTree = "<group>"; };
		445F24201D5D7C540005F456 /* AppDelegate.m */ = {isa = PBXFileReference; lastKnownFileType = sourcecode.c.objc; path = AppDelegate.m; sourceTree = "<group>"; };
		445F24221D5D7C540005F456 /* ViewController.h */ = {isa = PBXFileReference; lastKnownFileType = sourcecode.c.h; path = ViewController.h; sourceTree = "<group>"; };
		445F24231D5D7C540005F456 /* ViewController.m */ = {isa = PBXFileReference; lastKnownFileType = sourcecode.c.objc; path = ViewController.m; sourceTree = "<group>"; };
		445F24261D5D7C540005F456 /* Base */ = {isa = PBXFileReference; lastKnownFileType = file.storyboard; name = Base; path = Base.lproj/Main.storyboard; sourceTree = "<group>"; };
		445F24281D5D7C540005F456 /* Assets.xcassets */ = {isa = PBXFileReference; lastKnownFileType = folder.assetcatalog; path = Assets.xcassets; sourceTree = "<group>"; };
		445F242B1D5D7C540005F456 /* Base */ = {isa = PBXFileReference; lastKnownFileType = file.storyboard; name = Base; path = Base.lproj/LaunchScreen.storyboard; sourceTree = "<group>"; };
		445F242D1D5D7C540005F456 /* Info.plist */ = {isa = PBXFileReference; lastKnownFileType = text.plist.xml; path = Info.plist; sourceTree = "<group>"; };
		445F24321D5D7C540005F456 /* YZDashboardTests.xctest */ = {isa = PBXFileReference; explicitFileType = wrapper.cfbundle; includeInIndex = 0; path = YZDashboardTests.xctest; sourceTree = BUILT_PRODUCTS_DIR; };
		445F24361D5D7C540005F456 /* YZDashboardTests.m */ = {isa = PBXFileReference; lastKnownFileType = sourcecode.c.objc; path = YZDashboardTests.m; sourceTree = "<group>"; };
		445F24381D5D7C540005F456 /* Info.plist */ = {isa = PBXFileReference; lastKnownFileType = text.plist.xml; path = Info.plist; sourceTree = "<group>"; };
		445F243D1D5D7C540005F456 /* YZDashboardUITests.xctest */ = {isa = PBXFileReference; explicitFileType = wrapper.cfbundle; includeInIndex = 0; path = YZDashboardUITests.xctest; sourceTree = BUILT_PRODUCTS_DIR; };
		445F24411D5D7C540005F456 /* YZDashboardUITests.m */ = {isa = PBXFileReference; lastKnownFileType = sourcecode.c.objc; path = YZDashboardUITests.m; sourceTree = "<group>"; };
		445F24431D5D7C540005F456 /* Info.plist */ = {isa = PBXFileReference; lastKnownFileType = text.plist.xml; path = Info.plist; sourceTree = "<group>"; };
		445F24501D5D7CB80005F456 /* DashboardView.h */ = {isa = PBXFileReference; fileEncoding = 4; lastKnownFileType = sourcecode.c.h; path = DashboardView.h; sourceTree = "<group>"; };
		445F24511D5D7CB80005F456 /* DashboardView.m */ = {isa = PBXFileReference; fileEncoding = 4; lastKnownFileType = sourcecode.c.objc; path = DashboardView.m; sourceTree = "<group>"; };
		445F24541D5D7E400005F456 /* UIView+Extensions.h */ = {isa = PBXFileReference; fileEncoding = 4; lastKnownFileType = sourcecode.c.h; path = "UIView+Extensions.h"; sourceTree = "<group>"; };
		445F24551D5D7E400005F456 /* UIView+Extensions.m */ = {isa = PBXFileReference; fileEncoding = 4; lastKnownFileType = sourcecode.c.objc; path = "UIView+Extensions.m"; sourceTree = "<group>"; };
		445F24571D5D9F920005F456 /* backgroundImage@2x.png */ = {isa = PBXFileReference; lastKnownFileType = image.png; path = "backgroundImage@2x.png"; sourceTree = "<group>"; };
		445F24591D5DBC9E0005F456 /* GradientView.h */ = {isa = PBXFileReference; fileEncoding = 4; lastKnownFileType = sourcecode.c.h; path = GradientView.h; sourceTree = "<group>"; };
		445F245A1D5DBC9E0005F456 /* GradientView.m */ = {isa = PBXFileReference; fileEncoding = 4; lastKnownFileType = sourcecode.c.objc; path = GradientView.m; sourceTree = "<group>"; };
		445F245C1D5DBF6D0005F456 /* UIColor+Extensions.h */ = {isa = PBXFileReference; fileEncoding = 4; lastKnownFileType = sourcecode.c.h; path = "UIColor+Extensions.h"; sourceTree = "<group>"; };
		445F245D1D5DBF6D0005F456 /* UIColor+Extensions.m */ = {isa = PBXFileReference; fileEncoding = 4; lastKnownFileType = sourcecode.c.objc; path = "UIColor+Extensions.m"; sourceTree = "<group>"; };
/* End PBXFileReference section */

/* Begin PBXFrameworksBuildPhase section */
		445F24161D5D7C540005F456 /* Frameworks */ = {
			isa = PBXFrameworksBuildPhase;
			buildActionMask = 2147483647;
			files = (
			);
			runOnlyForDeploymentPostprocessing = 0;
		};
		445F242F1D5D7C540005F456 /* Frameworks */ = {
			isa = PBXFrameworksBuildPhase;
			buildActionMask = 2147483647;
			files = (
			);
			runOnlyForDeploymentPostprocessing = 0;
		};
		445F243A1D5D7C540005F456 /* Frameworks */ = {
			isa = PBXFrameworksBuildPhase;
			buildActionMask = 2147483647;
			files = (
			);
			runOnlyForDeploymentPostprocessing = 0;
		};
/* End PBXFrameworksBuildPhase section */

/* Begin PBXGroup section */
		445F24101D5D7C540005F456 = {
			isa = PBXGroup;
			children = (
				445F241B1D5D7C540005F456 /* YZDashboard */,
				445F24351D5D7C540005F456 /* YZDashboardTests */,
				445F24401D5D7C540005F456 /* YZDashboardUITests */,
				445F241A1D5D7C540005F456 /* Products */,
			);
			sourceTree = "<group>";
		};
		445F241A1D5D7C540005F456 /* Products */ = {
			isa = PBXGroup;
			children = (
				445F24191D5D7C540005F456 /* YZDashboard.app */,
				445F24321D5D7C540005F456 /* YZDashboardTests.xctest */,
				445F243D1D5D7C540005F456 /* YZDashboardUITests.xctest */,
			);
			name = Products;
			sourceTree = "<group>";
		};
		445F241B1D5D7C540005F456 /* YZDashboard */ = {
			isa = PBXGroup;
			children = (
				445F244F1D5D7C840005F456 /* Dashboard */,
				445F241F1D5D7C540005F456 /* AppDelegate.h */,
				445F24201D5D7C540005F456 /* AppDelegate.m */,
				445F24221D5D7C540005F456 /* ViewController.h */,
				445F24231D5D7C540005F456 /* ViewController.m */,
				445F24251D5D7C540005F456 /* Main.storyboard */,
				445F24281D5D7C540005F456 /* Assets.xcassets */,
				445F242A1D5D7C540005F456 /* LaunchScreen.storyboard */,
				445F242D1D5D7C540005F456 /* Info.plist */,
				445F241C1D5D7C540005F456 /* Supporting Files */,
			);
			path = YZDashboard;
			sourceTree = "<group>";
		};
		445F241C1D5D7C540005F456 /* Supporting Files */ = {
			isa = PBXGroup;
			children = (
				445F241D1D5D7C540005F456 /* main.m */,
			);
			name = "Supporting Files";
			sourceTree = "<group>";
		};
		445F24351D5D7C540005F456 /* YZDashboardTests */ = {
			isa = PBXGroup;
			children = (
				445F24361D5D7C540005F456 /* YZDashboardTests.m */,
				445F24381D5D7C540005F456 /* Info.plist */,
			);
			path = YZDashboardTests;
			sourceTree = "<group>";
		};
		445F24401D5D7C540005F456 /* YZDashboardUITests */ = {
			isa = PBXGroup;
			children = (
				445F24411D5D7C540005F456 /* YZDashboardUITests.m */,
				445F24431D5D7C540005F456 /* Info.plist */,
			);
			path = YZDashboardUITests;
			sourceTree = "<group>";
		};
		445F244F1D5D7C840005F456 /* Dashboard */ = {
			isa = PBXGroup;
			children = (
				4447A0AA1D61A48000245CD5 /* Dashboard.gif */,
				445F24571D5D9F920005F456 /* backgroundImage@2x.png */,
				445F24531D5D7E400005F456 /* Category */,
				445F24501D5D7CB80005F456 /* DashboardView.h */,
				445F24511D5D7CB80005F456 /* DashboardView.m */,
				445F24591D5DBC9E0005F456 /* GradientView.h */,
				445F245A1D5DBC9E0005F456 /* GradientView.m */,
			);
			path = Dashboard;
			sourceTree = "<group>";
		};
		445F24531D5D7E400005F456 /* Category */ = {
			isa = PBXGroup;
			children = (
				445F245C1D5DBF6D0005F456 /* UIColor+Extensions.h */,
				445F245D1D5DBF6D0005F456 /* UIColor+Extensions.m */,
				445F24541D5D7E400005F456 /* UIView+Extensions.h */,
				445F24551D5D7E400005F456 /* UIView+Extensions.m */,
			);
			path = Category;
			sourceTree = "<group>";
		};
/* End PBXGroup section */

/* Begin PBXNativeTarget section */
		445F24181D5D7C540005F456 /* YZDashboard */ = {
			isa = PBXNativeTarget;
			buildConfigurationList = 445F24461D5D7C540005F456 /* Build configuration list for PBXNativeTarget "YZDashboard" */;
			buildPhases = (
				445F24151D5D7C540005F456 /* Sources */,
				445F24161D5D7C540005F456 /* Frameworks */,
				445F24171D5D7C540005F456 /* Resources */,
			);
			buildRules = (
			);
			dependencies = (
			);
			name = YZDashboard;
			productName = YZDashboard;
			productReference = 445F24191D5D7C540005F456 /* YZDashboard.app */;
			productType = "com.apple.product-type.application";
		};
		445F24311D5D7C540005F456 /* YZDashboardTests */ = {
			isa = PBXNativeTarget;
			buildConfigurationList = 445F24491D5D7C540005F456 /* Build configuration list for PBXNativeTarget "YZDashboardTests" */;
			buildPhases = (
				445F242E1D5D7C540005F456 /* Sources */,
				445F242F1D5D7C540005F456 /* Frameworks */,
				445F24301D5D7C540005F456 /* Resources */,
			);
			buildRules = (
			);
			dependencies = (
				445F24341D5D7C540005F456 /* PBXTargetDependency */,
			);
			name = YZDashboardTests;
			productName = YZDashboardTests;
			productReference = 445F24321D5D7C540005F456 /* YZDashboardTests.xctest */;
			productType = "com.apple.product-type.bundle.unit-test";
		};
		445F243C1D5D7C540005F456 /* YZDashboardUITests */ = {
			isa = PBXNativeTarget;
			buildConfigurationList = 445F244C1D5D7C540005F456 /* Build configuration list for PBXNativeTarget "YZDashboardUITests" */;
			buildPhases = (
				445F24391D5D7C540005F456 /* Sources */,
				445F243A1D5D7C540005F456 /* Frameworks */,
				445F243B1D5D7C540005F456 /* Resources */,
			);
			buildRules = (
			);
			dependencies = (
				445F243F1D5D7C540005F456 /* PBXTargetDependency */,
			);
			name = YZDashboardUITests;
			productName = YZDashboardUITests;
			productReference = 445F243D1D5D7C540005F456 /* YZDashboardUITests.xctest */;
			productType = "com.apple.product-type.bundle.ui-testing";
		};
/* End PBXNativeTarget section */

/* Begin PBXProject section */
		445F24111D5D7C540005F456 /* Project object */ = {
			isa = PBXProject;
			attributes = {
				LastUpgradeCheck = 0730;
				ORGANIZATIONNAME = sunhong;
				TargetAttributes = {
					445F24181D5D7C540005F456 = {
						CreatedOnToolsVersion = 7.3.1;
					};
					445F24311D5D7C540005F456 = {
						CreatedOnToolsVersion = 7.3.1;
						TestTargetID = 445F24181D5D7C540005F456;
					};
					445F243C1D5D7C540005F456 = {
						CreatedOnToolsVersion = 7.3.1;
						TestTargetID = 445F24181D5D7C540005F456;
					};
				};
			};
			buildConfigurationList = 445F24141D5D7C540005F456 /* Build configuration list for PBXProject "YZDashboard" */;
			compatibilityVersion = "Xcode 3.2";
			developmentRegion = English;
			hasScannedForEncodings = 0;
			knownRegions = (
				en,
				Base,
			);
			mainGroup = 445F24101D5D7C540005F456;
			productRefGroup = 445F241A1D5D7C540005F456 /* Products */;
			projectDirPath = "";
			projectRoot = "";
			targets = (
				445F24181D5D7C540005F456 /* YZDashboard */,
				445F24311D5D7C540005F456 /* YZDashboardTests */,
				445F243C1D5D7C540005F456 /* YZDashboardUITests */,
			);
		};
/* End PBXProject section */

/* Begin PBXResourcesBuildPhase section */
		445F24171D5D7C540005F456 /* Resources */ = {
			isa = PBXResourcesBuildPhase;
			buildActionMask = 2147483647;
			files = (
				445F242C1D5D7C540005F456 /* LaunchScreen.storyboard in Resources */,
				445F24291D5D7C540005F456 /* Assets.xcassets in Resources */,
				445F24581D5D9F920005F456 /* backgroundImage@2x.png in Resources */,
				445F24271D5D7C540005F456 /* Main.storyboard in Resources */,
				4447A0AB1D61A48000245CD5 /* Dashboard.gif in Resources */,
			);
			runOnlyForDeploymentPostprocessing = 0;
		};
		445F24301D5D7C540005F456 /* Resources */ = {
			isa = PBXResourcesBuildPhase;
			buildActionMask = 2147483647;
			files = (
			);
			runOnlyForDeploymentPostprocessing = 0;
		};
		445F243B1D5D7C540005F456 /* Resources */ = {
			isa = PBXResourcesBuildPhase;
			buildActionMask = 2147483647;
			files = (
			);
			runOnlyForDeploymentPostprocessing = 0;
		};
/* End PBXResourcesBuildPhase section */

/* Begin PBXSourcesBuildPhase section */
		445F24151D5D7C540005F456 /* Sources */ = {
			isa = PBXSourcesBuildPhase;
			buildActionMask = 2147483647;
			files = (
				445F24241D5D7C540005F456 /* ViewController.m in Sources */,
				445F24521D5D7CB80005F456 /* DashboardView.m in Sources */,
				445F245E1D5DBF6D0005F456 /* UIColor+Extensions.m in Sources */,
				445F24561D5D7E400005F456 /* UIView+Extensions.m in Sources */,
				445F24211D5D7C540005F456 /* AppDelegate.m in Sources */,
				445F245B1D5DBC9E0005F456 /* GradientView.m in Sources */,
				445F241E1D5D7C540005F456 /* main.m in Sources */,
			);
			runOnlyForDeploymentPostprocessing = 0;
		};
		445F242E1D5D7C540005F456 /* Sources */ = {
			isa = PBXSourcesBuildPhase;
			buildActionMask = 2147483647;
			files = (
				445F24371D5D7C540005F456 /* YZDashboardTests.m in Sources */,
			);
			runOnlyForDeploymentPostprocessing = 0;
		};
		445F24391D5D7C540005F456 /* Sources */ = {
			isa = PBXSourcesBuildPhase;
			buildActionMask = 2147483647;
			files = (
				445F24421D5D7C540005F456 /* YZDashboardUITests.m in Sources */,
			);
			runOnlyForDeploymentPostprocessing = 0;
		};
/* End PBXSourcesBuildPhase section */

/* Begin PBXTargetDependency section */
		445F24341D5D7C540005F456 /* PBXTargetDependency */ = {
			isa = PBXTargetDependency;
			target = 445F24181D5D7C540005F456 /* YZDashboard */;
			targetProxy = 445F24331D5D7C540005F456 /* PBXContainerItemProxy */;
		};
		445F243F1D5D7C540005F456 /* PBXTargetDependency */ = {
			isa = PBXTargetDependency;
			target = 445F24181D5D7C540005F456 /* YZDashboard */;
			targetProxy = 445F243E1D5D7C540005F456 /* PBXContainerItemProxy */;
		};
/* End PBXTargetDependency section */

/* Begin PBXVariantGroup section */
		445F24251D5D7C540005F456 /* Main.storyboard */ = {
			isa = PBXVariantGroup;
			children = (
				445F24261D5D7C540005F456 /* Base */,
			);
			name = Main.storyboard;
			sourceTree = "<group>";
		};
		445F242A1D5D7C540005F456 /* LaunchScreen.storyboard */ = {
			isa = PBXVariantGroup;
			children = (
				445F242B1D5D7C540005F456 /* Base */,
			);
			name = LaunchScreen.storyboard;
			sourceTree = "<group>";
		};
/* End PBXVariantGroup section */

/* Begin XCBuildConfiguration section */
		445F24441D5D7C540005F456 /* Debug */ = {
			isa = XCBuildConfiguration;
			buildSettings = {
				ALWAYS_SEARCH_USER_PATHS = NO;
				CLANG_ANALYZER_NONNULL = YES;
				CLANG_CXX_LANGUAGE_STANDARD = "gnu++0x";
				CLANG_CXX_LIBRARY = "libc++";
				CLANG_ENABLE_MODULES = YES;
				CLANG_ENABLE_OBJC_ARC = YES;
				CLANG_WARN_BOOL_CONVERSION = YES;
				CLANG_WARN_CONSTANT_CONVERSION = YES;
				CLANG_WARN_DIRECT_OBJC_ISA_USAGE = YES_ERROR;
				CLANG_WARN_EMPTY_BODY = YES;
				CLANG_WARN_ENUM_CONVERSION = YES;
				CLANG_WARN_INT_CONVERSION = YES;
				CLANG_WARN_OBJC_ROOT_CLASS = YES_ERROR;
				CLANG_WARN_UNREACHABLE_CODE = YES;
				CLANG_WARN__DUPLICATE_METHOD_MATCH = YES;
				"CODE_SIGN_IDENTITY[sdk=iphoneos*]" = "iPhone Developer";
				COPY_PHASE_STRIP = NO;
				DEBUG_INFORMATION_FORMAT = dwarf;
				ENABLE_STRICT_OBJC_MSGSEND = YES;
				ENABLE_TESTABILITY = YES;
				GCC_C_LANGUAGE_STANDARD = gnu99;
				GCC_DYNAMIC_NO_PIC = NO;
				GCC_NO_COMMON_BLOCKS = YES;
				GCC_OPTIMIZATION_LEVEL = 0;
				GCC_PREPROCESSOR_DEFINITIONS = (
					"DEBUG=1",
					"$(inherited)",
				);
				GCC_WARN_64_TO_32_BIT_CONVERSION = YES;
				GCC_WARN_ABOUT_RETURN_TYPE = YES_ERROR;
				GCC_WARN_UNDECLARED_SELECTOR = YES;
				GCC_WARN_UNINITIALIZED_AUTOS = YES_AGGRESSIVE;
				GCC_WARN_UNUSED_FUNCTION = YES;
				GCC_WARN_UNUSED_VARIABLE = YES;
				IPHONEOS_DEPLOYMENT_TARGET = 9.3;
				MTL_ENABLE_DEBUG_INFO = YES;
				ONLY_ACTIVE_ARCH = YES;
				SDKROOT = iphoneos;
			};
			name = Debug;
		};
		445F24451D5D7C540005F456 /* Release */ = {
			isa = XCBuildConfiguration;
			buildSettings = {
				ALWAYS_SEARCH_USER_PATHS = NO;
				CLANG_ANALYZER_NONNULL = YES;
				CLANG_CXX_LANGUAGE_STANDARD = "gnu++0x";
				CLANG_CXX_LIBRARY = "libc++";
				CLANG_ENABLE_MODULES = YES;
				CLANG_ENABLE_OBJC_ARC = YES;
				CLANG_WARN_BOOL_CONVERSION = YES;
				CLANG_WARN_CONSTANT_CONVERSION = YES;
				CLANG_WARN_DIRECT_OBJC_ISA_USAGE = YES_ERROR;
				CLANG_WARN_EMPTY_BODY = YES;
				CLANG_WARN_ENUM_CONVERSION = YES;
				CLANG_WARN_INT_CONVERSION = YES;
				CLANG_WARN_OBJC_ROOT_CLASS = YES_ERROR;
				CLANG_WARN_UNREACHABLE_CODE = YES;
				CLANG_WARN__DUPLICATE_METHOD_MATCH = YES;
				"CODE_SIGN_IDENTITY[sdk=iphoneos*]" = "iPhone Developer";
				COPY_PHASE_STRIP = NO;
				DEBUG_INFORMATION_FORMAT = "dwarf-with-dsym";
				ENABLE_NS_ASSERTIONS = NO;
				ENABLE_STRICT_OBJC_MSGSEND = YES;
				GCC_C_LANGUAGE_STANDARD = gnu99;
				GCC_NO_COMMON_BLOCKS = YES;
				GCC_WARN_64_TO_32_BIT_CONVERSION = YES;
				GCC_WARN_ABOUT_RETURN_TYPE = YES_ERROR;
				GCC_WARN_UNDECLARED_SELECTOR = YES;
				GCC_WARN_UNINITIALIZED_AUTOS = YES_AGGRESSIVE;
				GCC_WARN_UNUSED_FUNCTION = YES;
				GCC_WARN_UNUSED_VARIABLE = YES;
				IPHONEOS_DEPLOYMENT_TARGET = 9.3;
				MTL_ENABLE_DEBUG_INFO = NO;
				SDKROOT = iphoneos;
				VALIDATE_PRODUCT = YES;
			};
			name = Release;
		};
		445F24471D5D7C540005F456 /* Debug */ = {
			isa = XCBuildConfiguration;
			buildSettings = {
				ASSETCATALOG_COMPILER_APPICON_NAME = AppIcon;
				INFOPLIST_FILE = YZDashboard/Info.plist;
				LD_RUNPATH_SEARCH_PATHS = "$(inherited) @executable_path/Frameworks";
				PRODUCT_BUNDLE_IDENTIFIER = sh.YZDashboard;
				PRODUCT_NAME = "$(TARGET_NAME)";
			};
			name = Debug;
		};
		445F24481D5D7C540005F456 /* Release */ = {
			isa = XCBuildConfiguration;
			buildSettings = {
				ASSETCATALOG_COMPILER_APPICON_NAME = AppIcon;
				INFOPLIST_FILE = YZDashboard/Info.plist;
				LD_RUNPATH_SEARCH_PATHS = "$(inherited) @executable_path/Frameworks";
				PRODUCT_BUNDLE_IDENTIFIER = sh.YZDashboard;
				PRODUCT_NAME = "$(TARGET_NAME)";
			};
			name = Release;
		};
		445F244A1D5D7C540005F456 /* Debug */ = {
			isa = XCBuildConfiguration;
			buildSettings = {
				BUNDLE_LOADER = "$(TEST_HOST)";
				INFOPLIST_FILE = YZDashboardTests/Info.plist;
				LD_RUNPATH_SEARCH_PATHS = "$(inherited) @executable_path/Frameworks @loader_path/Frameworks";
				PRODUCT_BUNDLE_IDENTIFIER = sh.YZDashboardTests;
				PRODUCT_NAME = "$(TARGET_NAME)";
				TEST_HOST = "$(BUILT_PRODUCTS_DIR)/YZDashboard.app/YZDashboard";
			};
			name = Debug;
		};
		445F244B1D5D7C540005F456 /* Release */ = {
			isa = XCBuildConfiguration;
			buildSettings = {
				BUNDLE_LOADER = "$(TEST_HOST)";
				INFOPLIST_FILE = YZDashboardTests/Info.plist;
				LD_RUNPATH_SEARCH_PATHS = "$(inherited) @executable_path/Frameworks @loader_path/Frameworks";
				PRODUCT_BUNDLE_IDENTIFIER = sh.YZDashboardTests;
				PRODUCT_NAME = "$(TARGET_NAME)";
				TEST_HOST = "$(BUILT_PRODUCTS_DIR)/YZDashboard.app/YZDashboard";
			};
			name = Release;
		};
		445F244D1D5D7C540005F456 /* Debug */ = {
			isa = XCBuildConfiguration;
			buildSettings = {
				INFOPLIST_FILE = YZDashboardUITests/Info.plist;
				LD_RUNPATH_SEARCH_PATHS = "$(inherited) @executable_path/Frameworks @loader_path/Frameworks";
				PRODUCT_BUNDLE_IDENTIFIER = sh.YZDashboardUITests;
				PRODUCT_NAME = "$(TARGET_NAME)";
				TEST_TARGET_NAME = YZDashboard;
			};
			name = Debug;
		};
		445F244E1D5D7C540005F456 /* Release */ = {
			isa = XCBuildConfiguration;
			buildSettings = {
				INFOPLIST_FILE = YZDashboardUITests/Info.plist;
				LD_RUNPATH_SEARCH_PATHS = "$(inherited) @executable_path/Frameworks @loader_path/Frameworks";
				PRODUCT_BUNDLE_IDENTIFIER = sh.YZDashboardUITests;
				PRODUCT_NAME = "$(TARGET_NAME)";
				TEST_TARGET_NAME = YZDashboard;
			};
			name = Release;
		};
/* End XCBuildConfiguration section */

/* Begin XCConfigurationList section */
		445F24141D5D7C540005F456 /* Build configuration list for PBXProject "YZDashboard" */ = {
			isa = XCConfigurationList;
			buildConfigurations = (
				445F24441D5D7C540005F456 /* Debug */,
				445F24451D5D7C540005F456 /* Release */,
			);
			defaultConfigurationIsVisible = 0;
			defaultConfigurationName = Release;
		};
		445F24461D5D7C540005F456 /* Build configuration list for PBXNativeTarget "YZDashboard" */ = {
			isa = XCConfigurationList;
			buildConfigurations = (
				445F24471D5D7C540005F456 /* Debug */,
				445F24481D5D7C540005F456 /* Release */,
			);
			defaultConfigurationIsVisible = 0;
			defaultConfigurationName = Release;
		};
		445F24491D5D7C540005F456 /* Build configuration list for PBXNativeTarget "YZDashboardTests" */ = {
			isa = XCConfigurationList;
			buildConfigurations = (
				445F244A1D5D7C540005F456 /* Debug */,
				445F244B1D5D7C540005F456 /* Release */,
			);
			defaultConfigurationIsVisible = 0;
			defaultConfigurationName = Release;
		};
		445F244C1D5D7C540005F456 /* Build configuration list for PBXNativeTarget "YZDashboardUITests" */ = {
			isa = XCConfigurationList;
			buildConfigurations = (
				445F244D1D5D7C540005F456 /* Debug */,
				445F244E1D5D7C540005F456 /* Release */,
			);
			defaultConfigurationIsVisible = 0;
			defaultConfigurationName = Release;
		};
/* End XCConfigurationList section */
	};
	rootObject = 445F24111D5D7C540005F456 /* Project object */;
}
